
Microsoft Visual Studio Solution File, Format Version 12.00
# Visual Studio Version 17
VisualStudioVersion = 17.3.32929.385
MinimumVisualStudioVersion = 10.0.40219.1
Project("{FAE04EC0-301F-11D3-BF4B-00C04F79EFBC}") = "GenshinTierList", "GenshinTierList\GenshinTierList.csproj", "{A7258B3E-8823-46B8-BA5A-9D1223D4E8DD}"
EndProject
Global
	GlobalSection(SolutionConfigurationPlatforms) = preSolution
		Debug|Any CPU = Debug|Any CPU
		Release|Any CPU = Release|Any CPU
	EndGlobalSection
	GlobalSection(ProjectConfigurationPlatforms) = postSolution
		{A7258B3E-8823-46B8-BA5A-9D1223D4E8DD}.Debug|Any CPU.ActiveCfg = Debug|Any CPU
		{A7258B3E-8823-46B8-BA5A-9D1223D4E8DD}.Debug|Any CPU.Build.0 = Debug|Any CPU
		{A7258B3E-8823-46B8-BA5A-9D1223D4E8DD}.Release|Any CPU.ActiveCfg = Release|Any CPU
		{A7258B3E-8823-46B8-BA5A-9D1223D4E8DD}.Release|Any CPU.Build.0 = Release|Any CPU
	EndGlobalSection
	GlobalSection(SolutionProperties) = preSolution
		HideSolutionNode = FALSE
	EndGlobalSection
	GlobalSection(ExtensibilityGlobals) = postSolution
		SolutionGuid = {BCC132E2-E83F-4C47-B0FC-7BD384704FAD}
	EndGlobalSection
EndGlobal
